
Microsoft Visual Studio Solution File, Format Version 12.00
# Visual Studio Version 17
VisualStudioVersion = 17.10.35122.118
MinimumVisualStudioVersion = 10.0.40219.1
Project("{FAE04EC0-301F-11D3-BF4B-00C04F79EFBC}") = "Stage10_calc", "..\Stage10_calc\Stage10_calc.csproj", "{BB775576-8BE9-46F7-8067-1D17B6A8B945}"
EndProject
Global
	GlobalSection(SolutionConfigurationPlatforms) = preSolution
		Debug|Any CPU = Debug|Any CPU
		Release|Any CPU = Release|Any CPU
	EndGlobalSection
	GlobalSection(ProjectConfigurationPlatforms) = postSolution
		{BB775576-8BE9-46F7-8067-1D17B6A8B945}.Debug|Any CPU.ActiveCfg = Debug|Any CPU
		{BB775576-8BE9-46F7-8067-1D17B6A8B945}.Debug|Any CPU.Build.0 = Debug|Any CPU
		{BB775576-8BE9-46F7-8067-1D17B6A8B945}.Release|Any CPU.ActiveCfg = Release|Any CPU
		{BB775576-8BE9-46F7-8067-1D17B6A8B945}.Release|Any CPU.Build.0 = Release|Any CPU
	EndGlobalSection
	GlobalSection(SolutionProperties) = preSolution
		HideSolutionNode = FALSE
	EndGlobalSection
	GlobalSection(ExtensibilityGlobals) = postSolution
		SolutionGuid = {9CDA9E4A-71AD-4330-8AD1-13F81E7F0DED}
	EndGlobalSection
EndGlobal
